
Microsoft Visual Studio Solution File, Format Version 12.00
# Visual Studio Version 17
VisualStudioVersion = 17.13.35913.81
MinimumVisualStudioVersion = 10.0.40219.1
Project("{FAE04EC0-301F-11D3-BF4B-00C04F79EFBC}") = "Teledok.Domain", "Teledok.Domain\Teledok.Domain.csproj", "{93C6D6A4-B94A-47AF-9AE3-8C4456257E29}"
EndProject
Project("{FAE04EC0-301F-11D3-BF4B-00C04F79EFBC}") = "Teledok.Persistence", "Teledok.Persistence\Teledok.Persistence.csproj", "{494ADA28-70FA-41FE-A431-759E5CAC101D}"
EndProject
Project("{FAE04EC0-301F-11D3-BF4B-00C04F79EFBC}") = "Teledok.WebAPI", "Teledok.WebAPI\Teledok.WebAPI.csproj", "{28E02A01-A031-441A-A797-E0FE2F548C95}"
	ProjectSection(ProjectDependencies) = postProject
		{494ADA28-70FA-41FE-A431-759E5CAC101D} = {494ADA28-70FA-41FE-A431-759E5CAC101D}
		{93C6D6A4-B94A-47AF-9AE3-8C4456257E29} = {93C6D6A4-B94A-47AF-9AE3-8C4456257E29}
	EndProjectSection
EndProject
Project("{FAE04EC0-301F-11D3-BF4B-00C04F79EFBC}") = "Teledok.Console", "Teledok.Console\Teledok.Console.csproj", "{4552E949-86CB-4D67-ADEE-6E88B7A366EE}"
EndProject
Global
	GlobalSection(SolutionConfigurationPlatforms) = preSolution
		Debug|Any CPU = Debug|Any CPU
		Release|Any CPU = Release|Any CPU
	EndGlobalSection
	GlobalSection(ProjectConfigurationPlatforms) = postSolution
		{93C6D6A4-B94A-47AF-9AE3-8C4456257E29}.Debug|Any CPU.ActiveCfg = Debug|Any CPU
		{93C6D6A4-B94A-47AF-9AE3-8C4456257E29}.Debug|Any CPU.Build.0 = Debug|Any CPU
		{93C6D6A4-B94A-47AF-9AE3-8C4456257E29}.Release|Any CPU.ActiveCfg = Release|Any CPU
		{93C6D6A4-B94A-47AF-9AE3-8C4456257E29}.Release|Any CPU.Build.0 = Release|Any CPU
		{494ADA28-70FA-41FE-A431-759E5CAC101D}.Debug|Any CPU.ActiveCfg = Debug|Any CPU
		{494ADA28-70FA-41FE-A431-759E5CAC101D}.Debug|Any CPU.Build.0 = Debug|Any CPU
		{494ADA28-70FA-41FE-A431-759E5CAC101D}.Release|Any CPU.ActiveCfg = Release|Any CPU
		{494ADA28-70FA-41FE-A431-759E5CAC101D}.Release|Any CPU.Build.0 = Release|Any CPU
		{28E02A01-A031-441A-A797-E0FE2F548C95}.Debug|Any CPU.ActiveCfg = Debug|Any CPU
		{28E02A01-A031-441A-A797-E0FE2F548C95}.Debug|Any CPU.Build.0 = Debug|Any CPU
		{28E02A01-A031-441A-A797-E0FE2F548C95}.Release|Any CPU.ActiveCfg = Release|Any CPU
		{28E02A01-A031-441A-A797-E0FE2F548C95}.Release|Any CPU.Build.0 = Release|Any CPU
		{4552E949-86CB-4D67-ADEE-6E88B7A366EE}.Debug|Any CPU.ActiveCfg = Debug|Any CPU
		{4552E949-86CB-4D67-ADEE-6E88B7A366EE}.Debug|Any CPU.Build.0 = Debug|Any CPU
		{4552E949-86CB-4D67-ADEE-6E88B7A366EE}.Release|Any CPU.ActiveCfg = Release|Any CPU
		{4552E949-86CB-4D67-ADEE-6E88B7A366EE}.Release|Any CPU.Build.0 = Release|Any CPU
	EndGlobalSection
	GlobalSection(SolutionProperties) = preSolution
		HideSolutionNode = FALSE
	EndGlobalSection
	GlobalSection(ExtensibilityGlobals) = postSolution
		SolutionGuid = {E6C78B73-AA59-4DEC-9055-E78428B9C024}
	EndGlobalSection
EndGlobal
